
Microsoft Visual Studio Solution File, Format Version 12.00
# Visual Studio Version 16
VisualStudioVersion = 16.0.29009.5
MinimumVisualStudioVersion = 10.0.40219.1
Project("{FAE04EC0-301F-11D3-BF4B-00C04F79EFBC}") = "UserPostsApp", "UserPostsApp.csproj", "{2DC559C7-95C9-4D02-9E1B-E945A447EF66}"
EndProject
Project("{FAE04EC0-301F-11D3-BF4B-00C04F79EFBC}") = "UserPostsLibrary", "..\UserPostsLibrary\UserPostsLibrary.csproj", "{947EFE81-0F1D-410D-9357-5BF049B050E4}"
EndProject
Global
	GlobalSection(SolutionConfigurationPlatforms) = preSolution
		Debug|Any CPU = Debug|Any CPU
		Release|Any CPU = Release|Any CPU
	EndGlobalSection
	GlobalSection(ProjectConfigurationPlatforms) = postSolution
		{2DC559C7-95C9-4D02-9E1B-E945A447EF66}.Debug|Any CPU.ActiveCfg = Debug|Any CPU
		{2DC559C7-95C9-4D02-9E1B-E945A447EF66}.Debug|Any CPU.Build.0 = Debug|Any CPU
		{2DC559C7-95C9-4D02-9E1B-E945A447EF66}.Release|Any CPU.ActiveCfg = Release|Any CPU
		{2DC559C7-95C9-4D02-9E1B-E945A447EF66}.Release|Any CPU.Build.0 = Release|Any CPU
		{947EFE81-0F1D-410D-9357-5BF049B050E4}.Debug|Any CPU.ActiveCfg = Debug|Any CPU
		{947EFE81-0F1D-410D-9357-5BF049B050E4}.Debug|Any CPU.Build.0 = Debug|Any CPU
		{947EFE81-0F1D-410D-9357-5BF049B050E4}.Release|Any CPU.ActiveCfg = Release|Any CPU
		{947EFE81-0F1D-410D-9357-5BF049B050E4}.Release|Any CPU.Build.0 = Release|Any CPU
	EndGlobalSection
	GlobalSection(SolutionProperties) = preSolution
		HideSolutionNode = FALSE
	EndGlobalSection
	GlobalSection(ExtensibilityGlobals) = postSolution
		SolutionGuid = {976B6338-0E0E-4759-AE70-9A3FE24F2464}
	EndGlobalSection
EndGlobal
